// !$*UTF8*$!
{
	archiveVersion = 1;
	classes = {
	};
	objectVersion = 50;
	objects = {

/* Begin PBXBuildFile section */
		5206502825612F2600DBE169 /* SettingsChekViewController.swift in Sources */ = {isa = PBXBuildFile; fileRef = 5206502725612F2600DBE169 /* SettingsChekViewController.swift */; };
		5265B593258F4D7200AA474E /* December2020.swift in Sources */ = {isa = PBXBuildFile; fileRef = 5265B592258F4D7200AA474E /* December2020.swift */; };
		528272512561275E00A63410 /* EnumStoryboard.swift in Sources */ = {isa = PBXBuildFile; fileRef = 528272482561275E00A63410 /* EnumStoryboard.swift */; };
		528272522561275E00A63410 /* Vibro.swift in Sources */ = {isa = PBXBuildFile; fileRef = 528272492561275E00A63410 /* Vibro.swift */; };
		528272532561275E00A63410 /* DefaultUtils.swift in Sources */ = {isa = PBXBuildFile; fileRef = 5282724A2561275E00A63410 /* DefaultUtils.swift */; };
		528272542561275E00A63410 /* BaseViewController.swift in Sources */ = {isa = PBXBuildFile; fileRef = 5282724C2561275E00A63410 /* BaseViewController.swift */; };
		528272552561275E00A63410 /* CustomBBItem.swift in Sources */ = {isa = PBXBuildFile; fileRef = 5282724D2561275E00A63410 /* CustomBBItem.swift */; };
		528272562561275E00A63410 /* NavigationController.swift in Sources */ = {isa = PBXBuildFile; fileRef = 5282724E2561275E00A63410 /* NavigationController.swift */; };
		528272672561277600A63410 /* Date.swift in Sources */ = {isa = PBXBuildFile; fileRef = 528272582561277600A63410 /* Date.swift */; };
		528272682561277600A63410 /* UIView.swift in Sources */ = {isa = PBXBuildFile; fileRef = 528272592561277600A63410 /* UIView.swift */; };
		528272692561277600A63410 /* Array.swift in Sources */ = {isa = PBXBuildFile; fileRef = 5282725A2561277600A63410 /* Array.swift */; };
		5282726A2561277600A63410 /* UIColor.swift in Sources */ = {isa = PBXBuildFile; fileRef = 5282725B2561277600A63410 /* UIColor.swift */; };
		5282726B2561277600A63410 /* NSObject.swift in Sources */ = {isa = PBXBuildFile; fileRef = 5282725C2561277600A63410 /* NSObject.swift */; };
		5282726C2561277600A63410 /* UITableView.swift in Sources */ = {isa = PBXBuildFile; fileRef = 5282725D2561277600A63410 /* UITableView.swift */; };
		5282726D2561277600A63410 /* UITextField.swift in Sources */ = {isa = PBXBuildFile; fileRef = 5282725E2561277600A63410 /* UITextField.swift */; };
		5282726E2561277600A63410 /* UITableViewCell.swift in Sources */ = {isa = PBXBuildFile; fileRef = 5282725F2561277600A63410 /* UITableViewCell.swift */; };
		5282726F2561277600A63410 /* String.swift in Sources */ = {isa = PBXBuildFile; fileRef = 528272602561277600A63410 /* String.swift */; };
		528272702561277600A63410 /* UIButton.swift in Sources */ = {isa = PBXBuildFile; fileRef = 528272612561277600A63410 /* UIButton.swift */; };
		528272712561277600A63410 /* UIViewController.swift in Sources */ = {isa = PBXBuildFile; fileRef = 528272622561277600A63410 /* UIViewController.swift */; };
		528272722561277600A63410 /* UIWindow.swift in Sources */ = {isa = PBXBuildFile; fileRef = 528272632561277600A63410 /* UIWindow.swift */; };
		528272742561277600A63410 /* UIApplication.swift in Sources */ = {isa = PBXBuildFile; fileRef = 528272652561277600A63410 /* UIApplication.swift */; };
		528272752561277600A63410 /* UITextView.swift in Sources */ = {isa = PBXBuildFile; fileRef = 528272662561277600A63410 /* UITextView.swift */; };
		52B909B12561238400FC2908 /* AppDelegate.swift in Sources */ = {isa = PBXBuildFile; fileRef = 52B909B02561238400FC2908 /* AppDelegate.swift */; };
		52B909B52561238400FC2908 /* StartViewController.swift in Sources */ = {isa = PBXBuildFile; fileRef = 52B909B42561238400FC2908 /* StartViewController.swift */; };
		52B909B82561238400FC2908 /* Main.storyboard in Resources */ = {isa = PBXBuildFile; fileRef = 52B909B62561238400FC2908 /* Main.storyboard */; };
		52B909BA2561238800FC2908 /* Assets.xcassets in Resources */ = {isa = PBXBuildFile; fileRef = 52B909B92561238800FC2908 /* Assets.xcassets */; };
		52B909BD2561238800FC2908 /* LaunchScreen.storyboard in Resources */ = {isa = PBXBuildFile; fileRef = 52B909BB2561238800FC2908 /* LaunchScreen.storyboard */; };
		52C5A91E25867BA8007DE46E /* SearchDescriptionCell.swift in Sources */ = {isa = PBXBuildFile; fileRef = 52C5A91C25867BA8007DE46E /* SearchDescriptionCell.swift */; };
		52C5A91F25867BA8007DE46E /* SearchDescriptionCell.xib in Resources */ = {isa = PBXBuildFile; fileRef = 52C5A91D25867BA8007DE46E /* SearchDescriptionCell.xib */; };
		52C5A92225867D09007DE46E /* SearchCell.swift in Sources */ = {isa = PBXBuildFile; fileRef = 52C5A92025867D09007DE46E /* SearchCell.swift */; };
		52C5A92325867D09007DE46E /* SearchCell.xib in Resources */ = {isa = PBXBuildFile; fileRef = 52C5A92125867D09007DE46E /* SearchCell.xib */; };
		52DD1BF425769ECA008F7EE9 /* AllThemes.swift in Sources */ = {isa = PBXBuildFile; fileRef = 52DD1BF325769ECA008F7EE9 /* AllThemes.swift */; };
		52DD1BF625769F1F008F7EE9 /* NotTheme.swift in Sources */ = {isa = PBXBuildFile; fileRef = 52DD1BF525769F1F008F7EE9 /* NotTheme.swift */; };
		52E4D65A25867078003C9DE6 /* SearchViewController.swift in Sources */ = {isa = PBXBuildFile; fileRef = 52E4D65925867078003C9DE6 /* SearchViewController.swift */; };
		52E4D65C258670E0003C9DE6 /* EnumNotification.swift in Sources */ = {isa = PBXBuildFile; fileRef = 52E4D65B258670E0003C9DE6 /* EnumNotification.swift */; };
		B21BBA3125B164CB002C2DD3 /* Januri2021.swift in Sources */ = {isa = PBXBuildFile; fileRef = B21BBA3025B164CB002C2DD3 /* Januri2021.swift */; };
		B24574572585E1EB0038053D /* BodyParts.swift in Sources */ = {isa = PBXBuildFile; fileRef = B24574562585E1EB0038053D /* BodyParts.swift */; };
		B245745B2585E2380038053D /* ProfessionAndWork.swift in Sources */ = {isa = PBXBuildFile; fileRef = B245745A2585E2380038053D /* ProfessionAndWork.swift */; };
		B245745F2585E28B0038053D /* Verbs.swift in Sources */ = {isa = PBXBuildFile; fileRef = B245745E2585E28B0038053D /* Verbs.swift */; };
		B24574622585E2C30038053D /* DestinationsAndLocations .swift in Sources */ = {isa = PBXBuildFile; fileRef = B24574612585E2C30038053D /* DestinationsAndLocations .swift */; };
		B24574652585E2D40038053D /* Food.swift in Sources */ = {isa = PBXBuildFile; fileRef = B24574642585E2D40038053D /* Food.swift */; };
		B24574692585E2F70038053D /* Clothes.swift in Sources */ = {isa = PBXBuildFile; fileRef = B24574682585E2F70038053D /* Clothes.swift */; };
		B245746D2585E30B0038053D /* Time.swift in Sources */ = {isa = PBXBuildFile; fileRef = B245746C2585E30B0038053D /* Time.swift */; };
		B24574702585E3260038053D /* Funiture.swift in Sources */ = {isa = PBXBuildFile; fileRef = B245746F2585E3260038053D /* Funiture.swift */; };
		B24574732585E33E0038053D /* Prepositions.swift in Sources */ = {isa = PBXBuildFile; fileRef = B24574722585E33E0038053D /* Prepositions.swift */; };
		B24574762585E3590038053D /* Phrases.swift in Sources */ = {isa = PBXBuildFile; fileRef = B24574752585E3590038053D /* Phrases.swift */; };
		B24574792585E3730038053D /* Subjects.swift in Sources */ = {isa = PBXBuildFile; fileRef = B24574782585E3730038053D /* Subjects.swift */; };
		B245747C2585E3A50038053D /* FamilyAndHobbies .swift in Sources */ = {isa = PBXBuildFile; fileRef = B245747B2585E3A50038053D /* FamilyAndHobbies .swift */; };
		B245747F2585E3C10038053D /* Adjectives.swift in Sources */ = {isa = PBXBuildFile; fileRef = B245747E2585E3C10038053D /* Adjectives.swift */; };
		B24574872585F22B0038053D /* ChekWordInfoCell.swift in Sources */ = {isa = PBXBuildFile; fileRef = B24574852585F22B0038053D /* ChekWordInfoCell.swift */; };
		B24574882585F22B0038053D /* ChekWordInfoCell.xib in Resources */ = {isa = PBXBuildFile; fileRef = B24574862585F22B0038053D /* ChekWordInfoCell.xib */; };
		B245748D258604F30038053D /* FavoriteWords.swift in Sources */ = {isa = PBXBuildFile; fileRef = B245748B258604F30038053D /* FavoriteWords.swift */; };
		B245748E258604F30038053D /* FavoriteWords.xib in Resources */ = {isa = PBXBuildFile; fileRef = B245748C258604F30038053D /* FavoriteWords.xib */; };
		B270151C25B1A7E600156559 /* MasterSplitViewController.swift in Sources */ = {isa = PBXBuildFile; fileRef = B270151B25B1A7E600156559 /* MasterSplitViewController.swift */; };
		B270152025B1AC5600156559 /* MasterHeder.swift in Sources */ = {isa = PBXBuildFile; fileRef = B270151F25B1AC5600156559 /* MasterHeder.swift */; };
		B270152325B1AC9700156559 /* MasterHeder.xib in Resources */ = {isa = PBXBuildFile; fileRef = B270152225B1AC9700156559 /* MasterHeder.xib */; };
		B270152725B1B05700156559 /* CellMaster.swift in Sources */ = {isa = PBXBuildFile; fileRef = B270152525B1B05700156559 /* CellMaster.swift */; };
		B270152825B1B05700156559 /* CellMaster.xib in Resources */ = {isa = PBXBuildFile; fileRef = B270152625B1B05700156559 /* CellMaster.xib */; };
		B270152D25B1C45100156559 /* ChekTestViewController.swift in Sources */ = {isa = PBXBuildFile; fileRef = B270152C25B1C45100156559 /* ChekTestViewController.swift */; };
		B27429C82573A8EF005551AD /* ManagerSettings.swift in Sources */ = {isa = PBXBuildFile; fileRef = B27429C72573A8EF005551AD /* ManagerSettings.swift */; };
		B283EBCD25737A6F00284F55 /* CoreDataManager.swift in Sources */ = {isa = PBXBuildFile; fileRef = B283EBCA25737A6F00284F55 /* CoreDataManager.swift */; };
		B283EBCE25737A6F00284F55 /* Model.xcdatamodeld in Sources */ = {isa = PBXBuildFile; fileRef = B283EBCB25737A6F00284F55 /* Model.xcdatamodeld */; };
		B283EBD225737B9000284F55 /* Word+CD.swift in Sources */ = {isa = PBXBuildFile; fileRef = B283EBD025737B9000284F55 /* Word+CD.swift */; };
		B283EBD825737D3D00284F55 /* Constant.swift in Sources */ = {isa = PBXBuildFile; fileRef = B283EBD725737D3D00284F55 /* Constant.swift */; };
		B283EBDE25737F3100284F55 /* AllWordCell.swift in Sources */ = {isa = PBXBuildFile; fileRef = B283EBDC25737F3100284F55 /* AllWordCell.swift */; };
		B283EBDF25737F3100284F55 /* AllWordCell.xib in Resources */ = {isa = PBXBuildFile; fileRef = B283EBDD25737F3100284F55 /* AllWordCell.xib */; };
		B283EBE32573829300284F55 /* ThemeCell.swift in Sources */ = {isa = PBXBuildFile; fileRef = B283EBE12573829300284F55 /* ThemeCell.swift */; };
		B283EBE42573829300284F55 /* ThemeCell.xib in Resources */ = {isa = PBXBuildFile; fileRef = B283EBE22573829300284F55 /* ThemeCell.xib */; };
		B283EBE82573852500284F55 /* Theme+CD.swift in Sources */ = {isa = PBXBuildFile; fileRef = B283EBE62573852500284F55 /* Theme+CD.swift */; };
		B283EBF02573893300284F55 /* HederCells.swift in Sources */ = {isa = PBXBuildFile; fileRef = B283EBEF2573893300284F55 /* HederCells.swift */; };
		B283EBF42573895200284F55 /* HederCells.xib in Resources */ = {isa = PBXBuildFile; fileRef = B283EBF32573895200284F55 /* HederCells.xib */; };
		B295ABB02573AFD900F4118E /* ChekViewController.swift in Sources */ = {isa = PBXBuildFile; fileRef = B295ABAF2573AFD900F4118E /* ChekViewController.swift */; };
		B295ABB52573B2D000F4118E /* ChekCell.swift in Sources */ = {isa = PBXBuildFile; fileRef = B295ABB32573B2D000F4118E /* ChekCell.swift */; };
		B295ABB62573B2D000F4118E /* ChekCell.xib in Resources */ = {isa = PBXBuildFile; fileRef = B295ABB42573B2D000F4118E /* ChekCell.xib */; };
/* End PBXBuildFile section */

/* Begin PBXFileReference section */
		5206502725612F2600DBE169 /* SettingsChekViewController.swift */ = {isa = PBXFileReference; lastKnownFileType = sourcecode.swift; path = SettingsChekViewController.swift; sourceTree = "<group>"; };
		5265B592258F4D7200AA474E /* December2020.swift */ = {isa = PBXFileReference; lastKnownFileType = sourcecode.swift; path = December2020.swift; sourceTree = "<group>"; };
		528272482561275E00A63410 /* EnumStoryboard.swift */ = {isa = PBXFileReference; fileEncoding = 4; lastKnownFileType = sourcecode.swift; path = EnumStoryboard.swift; sourceTree = "<group>"; };
		528272492561275E00A63410 /* Vibro.swift */ = {isa = PBXFileReference; fileEncoding = 4; lastKnownFileType = sourcecode.swift; path = Vibro.swift; sourceTree = "<group>"; };
		5282724A2561275E00A63410 /* DefaultUtils.swift */ = {isa = PBXFileReference; fileEncoding = 4; lastKnownFileType = sourcecode.swift; path = DefaultUtils.swift; sourceTree = "<group>"; };
		5282724C2561275E00A63410 /* BaseViewController.swift */ = {isa = PBXFileReference; fileEncoding = 4; lastKnownFileType = sourcecode.swift; path = BaseViewController.swift; sourceTree = "<group>"; };
		5282724D2561275E00A63410 /* CustomBBItem.swift */ = {isa = PBXFileReference; fileEncoding = 4; lastKnownFileType = sourcecode.swift; path = CustomBBItem.swift; sourceTree = "<group>"; };
		5282724E2561275E00A63410 /* NavigationController.swift */ = {isa = PBXFileReference; fileEncoding = 4; lastKnownFileType = sourcecode.swift; path = NavigationController.swift; sourceTree = "<group>"; };
		528272582561277600A63410 /* Date.swift */ = {isa = PBXFileReference; fileEncoding = 4; lastKnownFileType = sourcecode.swift; path = Date.swift; sourceTree = "<group>"; };
		528272592561277600A63410 /* UIView.swift */ = {isa = PBXFileReference; fileEncoding = 4; lastKnownFileType = sourcecode.swift; path = UIView.swift; sourceTree = "<group>"; };
		5282725A2561277600A63410 /* Array.swift */ = {isa = PBXFileReference; fileEncoding = 4; lastKnownFileType = sourcecode.swift; path = Array.swift; sourceTree = "<group>"; };
		5282725B2561277600A63410 /* UIColor.swift */ = {isa = PBXFileReference; fileEncoding = 4; lastKnownFileType = sourcecode.swift; path = UIColor.swift; sourceTree = "<group>"; };
		5282725C2561277600A63410 /* NSObject.swift */ = {isa = PBXFileReference; fileEncoding = 4; lastKnownFileType = sourcecode.swift; path = NSObject.swift; sourceTree = "<group>"; };
		5282725D2561277600A63410 /* UITableView.swift */ = {isa = PBXFileReference; fileEncoding = 4; lastKnownFileType = sourcecode.swift; path = UITableView.swift; sourceTree = "<group>"; };
		5282725E2561277600A63410 /* UITextField.swift */ = {isa = PBXFileReference; fileEncoding = 4; lastKnownFileType = sourcecode.swift; path = UITextField.swift; sourceTree = "<group>"; };
		5282725F2561277600A63410 /* UITableViewCell.swift */ = {isa = PBXFileReference; fileEncoding = 4; lastKnownFileType = sourcecode.swift; path = UITableViewCell.swift; sourceTree = "<group>"; };
		528272602561277600A63410 /* String.swift */ = {isa = PBXFileReference; fileEncoding = 4; lastKnownFileType = sourcecode.swift; path = String.swift; sourceTree = "<group>"; };
		528272612561277600A63410 /* UIButton.swift */ = {isa = PBXFileReference; fileEncoding = 4; lastKnownFileType = sourcecode.swift; path = UIButton.swift; sourceTree = "<group>"; };
		528272622561277600A63410 /* UIViewController.swift */ = {isa = PBXFileReference; fileEncoding = 4; lastKnownFileType = sourcecode.swift; path = UIViewController.swift; sourceTree = "<group>"; };
		528272632561277600A63410 /* UIWindow.swift */ = {isa = PBXFileReference; fileEncoding = 4; lastKnownFileType = sourcecode.swift; path = UIWindow.swift; sourceTree = "<group>"; };
		528272652561277600A63410 /* UIApplication.swift */ = {isa = PBXFileReference; fileEncoding = 4; lastKnownFileType = sourcecode.swift; path = UIApplication.swift; sourceTree = "<group>"; };
		528272662561277600A63410 /* UITextView.swift */ = {isa = PBXFileReference; fileEncoding = 4; lastKnownFileType = sourcecode.swift; path = UITextView.swift; sourceTree = "<group>"; };
		52B909AD2561238400FC2908 /* English dictionary.app */ = {isa = PBXFileReference; explicitFileType = wrapper.application; includeInIndex = 0; path = "English dictionary.app"; sourceTree = BUILT_PRODUCTS_DIR; };
		52B909B02561238400FC2908 /* AppDelegate.swift */ = {isa = PBXFileReference; lastKnownFileType = sourcecode.swift; path = AppDelegate.swift; sourceTree = "<group>"; };
		52B909B42561238400FC2908 /* StartViewController.swift */ = {isa = PBXFileReference; lastKnownFileType = sourcecode.swift; path = StartViewController.swift; sourceTree = "<group>"; };
		52B909B72561238400FC2908 /* Base */ = {isa = PBXFileReference; lastKnownFileType = file.storyboard; name = Base; path = Base.lproj/Main.storyboard; sourceTree = "<group>"; };
		52B909B92561238800FC2908 /* Assets.xcassets */ = {isa = PBXFileReference; lastKnownFileType = folder.assetcatalog; path = Assets.xcassets; sourceTree = "<group>"; };
		52B909BC2561238800FC2908 /* Base */ = {isa = PBXFileReference; lastKnownFileType = file.storyboard; name = Base; path = Base.lproj/LaunchScreen.storyboard; sourceTree = "<group>"; };
		52B909BE2561238800FC2908 /* Info.plist */ = {isa = PBXFileReference; lastKnownFileType = text.plist.xml; path = Info.plist; sourceTree = "<group>"; };
		52C5A91C25867BA8007DE46E /* SearchDescriptionCell.swift */ = {isa = PBXFileReference; lastKnownFileType = sourcecode.swift; path = SearchDescriptionCell.swift; sourceTree = "<group>"; };
		52C5A91D25867BA8007DE46E /* SearchDescriptionCell.xib */ = {isa = PBXFileReference; lastKnownFileType = file.xib; path = SearchDescriptionCell.xib; sourceTree = "<group>"; };
		52C5A92025867D09007DE46E /* SearchCell.swift */ = {isa = PBXFileReference; lastKnownFileType = sourcecode.swift; path = SearchCell.swift; sourceTree = "<group>"; };
		52C5A92125867D09007DE46E /* SearchCell.xib */ = {isa = PBXFileReference; lastKnownFileType = file.xib; path = SearchCell.xib; sourceTree = "<group>"; };
		52DD1BF325769ECA008F7EE9 /* AllThemes.swift */ = {isa = PBXFileReference; lastKnownFileType = sourcecode.swift; path = AllThemes.swift; sourceTree = "<group>"; };
		52DD1BF525769F1F008F7EE9 /* NotTheme.swift */ = {isa = PBXFileReference; lastKnownFileType = sourcecode.swift; path = NotTheme.swift; sourceTree = "<group>"; };
		52E4D65925867078003C9DE6 /* SearchViewController.swift */ = {isa = PBXFileReference; lastKnownFileType = sourcecode.swift; path = SearchViewController.swift; sourceTree = "<group>"; };
		52E4D65B258670E0003C9DE6 /* EnumNotification.swift */ = {isa = PBXFileReference; lastKnownFileType = sourcecode.swift; path = EnumNotification.swift; sourceTree = "<group>"; };
		B21BBA3025B164CB002C2DD3 /* Januri2021.swift */ = {isa = PBXFileReference; lastKnownFileType = sourcecode.swift; path = Januri2021.swift; sourceTree = "<group>"; };
		B24574562585E1EB0038053D /* BodyParts.swift */ = {isa = PBXFileReference; lastKnownFileType = sourcecode.swift; path = BodyParts.swift; sourceTree = "<group>"; };
		B245745A2585E2380038053D /* ProfessionAndWork.swift */ = {isa = PBXFileReference; lastKnownFileType = sourcecode.swift; path = ProfessionAndWork.swift; sourceTree = "<group>"; };
		B245745E2585E28B0038053D /* Verbs.swift */ = {isa = PBXFileReference; lastKnownFileType = sourcecode.swift; path = Verbs.swift; sourceTree = "<group>"; };
		B24574612585E2C30038053D /* DestinationsAndLocations .swift */ = {isa = PBXFileReference; lastKnownFileType = sourcecode.swift; path = "DestinationsAndLocations .swift"; sourceTree = "<group>"; };
		B24574642585E2D40038053D /* Food.swift */ = {isa = PBXFileReference; lastKnownFileType = sourcecode.swift; path = Food.swift; sourceTree = "<group>"; };
		B24574682585E2F70038053D /* Clothes.swift */ = {isa = PBXFileReference; lastKnownFileType = sourcecode.swift; path = Clothes.swift; sourceTree = "<group>"; };
		B245746C2585E30B0038053D /* Time.swift */ = {isa = PBXFileReference; lastKnownFileType = sourcecode.swift; path = Time.swift; sourceTree = "<group>"; };
		B245746F2585E3260038053D /* Funiture.swift */ = {isa = PBXFileReference; lastKnownFileType = sourcecode.swift; path = Funiture.swift; sourceTree = "<group>"; };
		B24574722585E33E0038053D /* Prepositions.swift */ = {isa = PBXFileReference; lastKnownFileType = sourcecode.swift; path = Prepositions.swift; sourceTree = "<group>"; };
		B24574752585E3590038053D /* Phrases.swift */ = {isa = PBXFileReference; lastKnownFileType = sourcecode.swift; path = Phrases.swift; sourceTree = "<group>"; };
		B24574782585E3730038053D /* Subjects.swift */ = {isa = PBXFileReference; lastKnownFileType = sourcecode.swift; path = Subjects.swift; sourceTree = "<group>"; };
		B245747B2585E3A50038053D /* FamilyAndHobbies .swift */ = {isa = PBXFileReference; lastKnownFileType = sourcecode.swift; path = "FamilyAndHobbies .swift"; sourceTree = "<group>"; };
		B245747E2585E3C10038053D /* Adjectives.swift */ = {isa = PBXFileReference; lastKnownFileType = sourcecode.swift; path = Adjectives.swift; sourceTree = "<group>"; };
		B24574852585F22B0038053D /* ChekWordInfoCell.swift */ = {isa = PBXFileReference; lastKnownFileType = sourcecode.swift; path = ChekWordInfoCell.swift; sourceTree = "<group>"; };
		B24574862585F22B0038053D /* ChekWordInfoCell.xib */ = {isa = PBXFileReference; lastKnownFileType = file.xib; path = ChekWordInfoCell.xib; sourceTree = "<group>"; };
		B245748B258604F30038053D /* FavoriteWords.swift */ = {isa = PBXFileReference; lastKnownFileType = sourcecode.swift; path = FavoriteWords.swift; sourceTree = "<group>"; };
		B245748C258604F30038053D /* FavoriteWords.xib */ = {isa = PBXFileReference; lastKnownFileType = file.xib; path = FavoriteWords.xib; sourceTree = "<group>"; };
		B270151B25B1A7E600156559 /* MasterSplitViewController.swift */ = {isa = PBXFileReference; lastKnownFileType = sourcecode.swift; path = MasterSplitViewController.swift; sourceTree = "<group>"; };
		B270151F25B1AC5600156559 /* MasterHeder.swift */ = {isa = PBXFileReference; lastKnownFileType = sourcecode.swift; path = MasterHeder.swift; sourceTree = "<group>"; };
		B270152225B1AC9700156559 /* MasterHeder.xib */ = {isa = PBXFileReference; lastKnownFileType = file.xib; path = MasterHeder.xib; sourceTree = "<group>"; };
		B270152525B1B05700156559 /* CellMaster.swift */ = {isa = PBXFileReference; lastKnownFileType = sourcecode.swift; path = CellMaster.swift; sourceTree = "<group>"; };
		B270152625B1B05700156559 /* CellMaster.xib */ = {isa = PBXFileReference; lastKnownFileType = file.xib; path = CellMaster.xib; sourceTree = "<group>"; };
		B270152C25B1C45100156559 /* ChekTestViewController.swift */ = {isa = PBXFileReference; lastKnownFileType = sourcecode.swift; path = ChekTestViewController.swift; sourceTree = "<group>"; };
		B27429C72573A8EF005551AD /* ManagerSettings.swift */ = {isa = PBXFileReference; lastKnownFileType = sourcecode.swift; path = ManagerSettings.swift; sourceTree = "<group>"; };
		B283EBCA25737A6F00284F55 /* CoreDataManager.swift */ = {isa = PBXFileReference; fileEncoding = 4; lastKnownFileType = sourcecode.swift; path = CoreDataManager.swift; sourceTree = "<group>"; };
		B283EBCC25737A6F00284F55 /* Model.xcdatamodel */ = {isa = PBXFileReference; lastKnownFileType = wrapper.xcdatamodel; path = Model.xcdatamodel; sourceTree = "<group>"; };
		B283EBD025737B9000284F55 /* Word+CD.swift */ = {isa = PBXFileReference; lastKnownFileType = sourcecode.swift; path = "Word+CD.swift"; sourceTree = "<group>"; };
		B283EBD725737D3D00284F55 /* Constant.swift */ = {isa = PBXFileReference; lastKnownFileType = sourcecode.swift; path = Constant.swift; sourceTree = "<group>"; };
		B283EBDC25737F3100284F55 /* AllWordCell.swift */ = {isa = PBXFileReference; lastKnownFileType = sourcecode.swift; path = AllWordCell.swift; sourceTree = "<group>"; };
		B283EBDD25737F3100284F55 /* AllWordCell.xib */ = {isa = PBXFileReference; lastKnownFileType = file.xib; path = AllWordCell.xib; sourceTree = "<group>"; };
		B283EBE12573829300284F55 /* ThemeCell.swift */ = {isa = PBXFileReference; lastKnownFileType = sourcecode.swift; path = ThemeCell.swift; sourceTree = "<group>"; };
		B283EBE22573829300284F55 /* ThemeCell.xib */ = {isa = PBXFileReference; lastKnownFileType = file.xib; path = ThemeCell.xib; sourceTree = "<group>"; };
		B283EBE62573852500284F55 /* Theme+CD.swift */ = {isa = PBXFileReference; lastKnownFileType = sourcecode.swift; path = "Theme+CD.swift"; sourceTree = "<group>"; };
		B283EBEF2573893300284F55 /* HederCells.swift */ = {isa = PBXFileReference; lastKnownFileType = sourcecode.swift; path = HederCells.swift; sourceTree = "<group>"; };
		B283EBF32573895200284F55 /* HederCells.xib */ = {isa = PBXFileReference; lastKnownFileType = file.xib; path = HederCells.xib; sourceTree = "<group>"; };
		B295ABAF2573AFD900F4118E /* ChekViewController.swift */ = {isa = PBXFileReference; lastKnownFileType = sourcecode.swift; path = ChekViewController.swift; sourceTree = "<group>"; };
		B295ABB32573B2D000F4118E /* ChekCell.swift */ = {isa = PBXFileReference; lastKnownFileType = sourcecode.swift; path = ChekCell.swift; sourceTree = "<group>"; };
		B295ABB42573B2D000F4118E /* ChekCell.xib */ = {isa = PBXFileReference; lastKnownFileType = file.xib; path = ChekCell.xib; sourceTree = "<group>"; };
/* End PBXFileReference section */

/* Begin PBXFrameworksBuildPhase section */
		52B909AA2561238400FC2908 /* Frameworks */ = {
			isa = PBXFrameworksBuildPhase;
			buildActionMask = 2147483647;
			files = (
			);
			runOnlyForDeploymentPostprocessing = 0;
		};
/* End PBXFrameworksBuildPhase section */

/* Begin PBXGroup section */
		528272432561260200A63410 /* Resourses */ = {
			isa = PBXGroup;
			children = (
				52B909B02561238400FC2908 /* AppDelegate.swift */,
				B283EBD725737D3D00284F55 /* Constant.swift */,
				52B909B92561238800FC2908 /* Assets.xcassets */,
				52B909BB2561238800FC2908 /* LaunchScreen.storyboard */,
				52B909BE2561238800FC2908 /* Info.plist */,
			);
			path = Resourses;
			sourceTree = "<group>";
		};
		528272442561261D00A63410 /* Support classes */ = {
			isa = PBXGroup;
			children = (
				5282724B2561275E00A63410 /* BaseVC */,
				5282724A2561275E00A63410 /* DefaultUtils.swift */,
				528272482561275E00A63410 /* EnumStoryboard.swift */,
				528272492561275E00A63410 /* Vibro.swift */,
				52E4D65B258670E0003C9DE6 /* EnumNotification.swift */,
			);
			path = "Support classes";
			sourceTree = "<group>";
		};
		5282724B2561275E00A63410 /* BaseVC */ = {
			isa = PBXGroup;
			children = (
				5282724C2561275E00A63410 /* BaseViewController.swift */,
				5282724D2561275E00A63410 /* CustomBBItem.swift */,
				5282724E2561275E00A63410 /* NavigationController.swift */,
			);
			path = BaseVC;
			sourceTree = "<group>";
		};
		528272572561277600A63410 /* Extension */ = {
			isa = PBXGroup;
			children = (
				528272582561277600A63410 /* Date.swift */,
				528272592561277600A63410 /* UIView.swift */,
				5282725A2561277600A63410 /* Array.swift */,
				5282725B2561277600A63410 /* UIColor.swift */,
				5282725C2561277600A63410 /* NSObject.swift */,
				5282725D2561277600A63410 /* UITableView.swift */,
				5282725E2561277600A63410 /* UITextField.swift */,
				5282725F2561277600A63410 /* UITableViewCell.swift */,
				528272602561277600A63410 /* String.swift */,
				528272612561277600A63410 /* UIButton.swift */,
				528272622561277600A63410 /* UIViewController.swift */,
				528272632561277600A63410 /* UIWindow.swift */,
				528272652561277600A63410 /* UIApplication.swift */,
				528272662561277600A63410 /* UITextView.swift */,
			);
			path = Extension;
			sourceTree = "<group>";
		};
		52B909A42561238400FC2908 = {
			isa = PBXGroup;
			children = (
				52B909AF2561238400FC2908 /* English dictionary */,
				52B909AE2561238400FC2908 /* Products */,
			);
			sourceTree = "<group>";
		};
		52B909AE2561238400FC2908 /* Products */ = {
			isa = PBXGroup;
			children = (
				52B909AD2561238400FC2908 /* English dictionary.app */,
			);
			name = Products;
			sourceTree = "<group>";
		};
		52B909AF2561238400FC2908 /* English dictionary */ = {
			isa = PBXGroup;
			children = (
				528272432561260200A63410 /* Resourses */,
				B283EBDA25737EAB00284F55 /* ViewControllers */,
				B283EBC925737A6F00284F55 /* CoreData */,
				528272572561277600A63410 /* Extension */,
				528272442561261D00A63410 /* Support classes */,
			);
			path = "English dictionary";
			sourceTree = "<group>";
		};
		52DD1BF225769E09008F7EE9 /* CONTENT */ = {
			isa = PBXGroup;
			children = (
				52DD1BF325769ECA008F7EE9 /* AllThemes.swift */,
				52DD1BF525769F1F008F7EE9 /* NotTheme.swift */,
				B24574562585E1EB0038053D /* BodyParts.swift */,
				B245745A2585E2380038053D /* ProfessionAndWork.swift */,
				B245745E2585E28B0038053D /* Verbs.swift */,
				B24574612585E2C30038053D /* DestinationsAndLocations .swift */,
				B24574642585E2D40038053D /* Food.swift */,
				B24574682585E2F70038053D /* Clothes.swift */,
				B245746C2585E30B0038053D /* Time.swift */,
				B245746F2585E3260038053D /* Funiture.swift */,
				B24574722585E33E0038053D /* Prepositions.swift */,
				B24574752585E3590038053D /* Phrases.swift */,
				B24574782585E3730038053D /* Subjects.swift */,
				B245747B2585E3A50038053D /* FamilyAndHobbies .swift */,
				B245747E2585E3C10038053D /* Adjectives.swift */,
				5265B592258F4D7200AA474E /* December2020.swift */,
				B21BBA3025B164CB002C2DD3 /* Januri2021.swift */,
			);
			path = CONTENT;
			sourceTree = "<group>";
		};
		52E4D6582586702F003C9DE6 /* SearchViewController */ = {
			isa = PBXGroup;
			children = (
				52E4D65925867078003C9DE6 /* SearchViewController.swift */,
				52C5A91C25867BA8007DE46E /* SearchDescriptionCell.swift */,
				52C5A91D25867BA8007DE46E /* SearchDescriptionCell.xib */,
				52C5A92025867D09007DE46E /* SearchCell.swift */,
				52C5A92125867D09007DE46E /* SearchCell.xib */,
			);
			path = SearchViewController;
			sourceTree = "<group>";
		};
		B270151925B1A62B00156559 /* SplitVC */ = {
			isa = PBXGroup;
			children = (
				B270152B25B1C3C000156559 /* DetailSplit */,
				B270152A25B1C3AD00156559 /* MaterSplit */,
			);
			path = SplitVC;
			sourceTree = "<group>";
		};
		B270152A25B1C3AD00156559 /* MaterSplit */ = {
			isa = PBXGroup;
			children = (
				B270151B25B1A7E600156559 /* MasterSplitViewController.swift */,
				B270151F25B1AC5600156559 /* MasterHeder.swift */,
				B270152225B1AC9700156559 /* MasterHeder.xib */,
				B270152525B1B05700156559 /* CellMaster.swift */,
				B270152625B1B05700156559 /* CellMaster.xib */,
			);
			path = MaterSplit;
			sourceTree = "<group>";
		};
		B270152B25B1C3C000156559 /* DetailSplit */ = {
			isa = PBXGroup;
			children = (
				B270152C25B1C45100156559 /* ChekTestViewController.swift */,
			);
			path = DetailSplit;
			sourceTree = "<group>";
		};
		B27429C62573A8AF005551AD /* SettingsChek */ = {
			isa = PBXGroup;
			children = (
				5206502725612F2600DBE169 /* SettingsChekViewController.swift */,
				B27429C72573A8EF005551AD /* ManagerSettings.swift */,
			);
			path = SettingsChek;
			sourceTree = "<group>";
		};
		B283EBC925737A6F00284F55 /* CoreData */ = {
			isa = PBXGroup;
			children = (
				B283EBCA25737A6F00284F55 /* CoreDataManager.swift */,
				B283EBCB25737A6F00284F55 /* Model.xcdatamodeld */,
				B283EBD025737B9000284F55 /* Word+CD.swift */,
				B283EBE62573852500284F55 /* Theme+CD.swift */,
				52DD1BF225769E09008F7EE9 /* CONTENT */,
			);
			path = CoreData;
			sourceTree = "<group>";
		};
		B283EBDA25737EAB00284F55 /* ViewControllers */ = {
			isa = PBXGroup;
			children = (
				B283EBDB25737F0700284F55 /* StartVC */,
				B27429C62573A8AF005551AD /* SettingsChek */,
				B270151925B1A62B00156559 /* SplitVC */,
				52B909B62561238400FC2908 /* Main.storyboard */,
				52E4D6582586702F003C9DE6 /* SearchViewController */,
				B295ABB22573B2AB00F4118E /* ChekViewController */,
			);
			path = ViewControllers;
			sourceTree = "<group>";
		};
		B283EBDB25737F0700284F55 /* StartVC */ = {
			isa = PBXGroup;
			children = (
				52B909B42561238400FC2908 /* StartViewController.swift */,
				B283EBDC25737F3100284F55 /* AllWordCell.swift */,
				B283EBDD25737F3100284F55 /* AllWordCell.xib */,
				B245748B258604F30038053D /* FavoriteWords.swift */,
				B245748C258604F30038053D /* FavoriteWords.xib */,
				B283EBE12573829300284F55 /* ThemeCell.swift */,
				B283EBE22573829300284F55 /* ThemeCell.xib */,
				B283EBEF2573893300284F55 /* HederCells.swift */,
				B283EBF32573895200284F55 /* HederCells.xib */,
			);
			path = StartVC;
			sourceTree = "<group>";
		};
		B295ABB22573B2AB00F4118E /* ChekViewController */ = {
			isa = PBXGroup;
			children = (
				B295ABAF2573AFD900F4118E /* ChekViewController.swift */,
				B295ABB32573B2D000F4118E /* ChekCell.swift */,
				B295ABB42573B2D000F4118E /* ChekCell.xib */,
				B24574852585F22B0038053D /* ChekWordInfoCell.swift */,
				B24574862585F22B0038053D /* ChekWordInfoCell.xib */,
			);
			path = ChekViewController;
			sourceTree = "<group>";
		};
/* End PBXGroup section */

/* Begin PBXNativeTarget section */
		52B909AC2561238400FC2908 /* English dictionary */ = {
			isa = PBXNativeTarget;
			buildConfigurationList = 52B909C12561238800FC2908 /* Build configuration list for PBXNativeTarget "English dictionary" */;
			buildPhases = (
				52B909A92561238400FC2908 /* Sources */,
				52B909AA2561238400FC2908 /* Frameworks */,
				52B909AB2561238400FC2908 /* Resources */,
			);
			buildRules = (
			);
			dependencies = (
			);
			name = "English dictionary";
			productName = "English dictionary";
			productReference = 52B909AD2561238400FC2908 /* English dictionary.app */;
			productType = "com.apple.product-type.application";
		};
/* End PBXNativeTarget section */

/* Begin PBXProject section */
		52B909A52561238400FC2908 /* Project object */ = {
			isa = PBXProject;
			attributes = {
				LastSwiftUpdateCheck = 1130;
				LastUpgradeCheck = 1130;
				ORGANIZATIONNAME = "OOO MegaStar";
				TargetAttributes = {
					52B909AC2561238400FC2908 = {
						CreatedOnToolsVersion = 11.3;
					};
				};
			};
			buildConfigurationList = 52B909A82561238400FC2908 /* Build configuration list for PBXProject "English dictionary" */;
			compatibilityVersion = "Xcode 9.3";
			developmentRegion = en;
			hasScannedForEncodings = 0;
			knownRegions = (
				en,
				Base,
			);
			mainGroup = 52B909A42561238400FC2908;
			productRefGroup = 52B909AE2561238400FC2908 /* Products */;
			projectDirPath = "";
			projectRoot = "";
			targets = (
				52B909AC2561238400FC2908 /* English dictionary */,
			);
		};
/* End PBXProject section */

/* Begin PBXResourcesBuildPhase section */
		52B909AB2561238400FC2908 /* Resources */ = {
			isa = PBXResourcesBuildPhase;
			buildActionMask = 2147483647;
			files = (
				B24574882585F22B0038053D /* ChekWordInfoCell.xib in Resources */,
				B295ABB62573B2D000F4118E /* ChekCell.xib in Resources */,
				B283EBF42573895200284F55 /* HederCells.xib in Resources */,
				52B909BD2561238800FC2908 /* LaunchScreen.storyboard in Resources */,
				B270152325B1AC9700156559 /* MasterHeder.xib in Resources */,
				B245748E258604F30038053D /* FavoriteWords.xib in Resources */,
				B283EBDF25737F3100284F55 /* AllWordCell.xib in Resources */,
				52C5A91F25867BA8007DE46E /* SearchDescriptionCell.xib in Resources */,
				52B909BA2561238800FC2908 /* Assets.xcassets in Resources */,
				B283EBE42573829300284F55 /* ThemeCell.xib in Resources */,
				52B909B82561238400FC2908 /* Main.storyboard in Resources */,
				52C5A92325867D09007DE46E /* SearchCell.xib in Resources */,
				B270152825B1B05700156559 /* CellMaster.xib in Resources */,
			);
			runOnlyForDeploymentPostprocessing = 0;
		};
/* End PBXResourcesBuildPhase section */

/* Begin PBXSourcesBuildPhase section */
		52B909A92561238400FC2908 /* Sources */ = {
			isa = PBXSourcesBuildPhase;
			buildActionMask = 2147483647;
			files = (
				B24574652585E2D40038053D /* Food.swift in Sources */,
				52C5A92225867D09007DE46E /* SearchCell.swift in Sources */,
				B295ABB52573B2D000F4118E /* ChekCell.swift in Sources */,
				528272682561277600A63410 /* UIView.swift in Sources */,
				B245747C2585E3A50038053D /* FamilyAndHobbies .swift in Sources */,
				B24574732585E33E0038053D /* Prepositions.swift in Sources */,
				B283EBF02573893300284F55 /* HederCells.swift in Sources */,
				B283EBE82573852500284F55 /* Theme+CD.swift in Sources */,
				B270152025B1AC5600156559 /* MasterHeder.swift in Sources */,
				5282726E2561277600A63410 /* UITableViewCell.swift in Sources */,
				52DD1BF425769ECA008F7EE9 /* AllThemes.swift in Sources */,
				B24574572585E1EB0038053D /* BodyParts.swift in Sources */,
				5282726A2561277600A63410 /* UIColor.swift in Sources */,
				B283EBD225737B9000284F55 /* Word+CD.swift in Sources */,
				528272712561277600A63410 /* UIViewController.swift in Sources */,
				52B909B52561238400FC2908 /* StartViewController.swift in Sources */,
				B24574872585F22B0038053D /* ChekWordInfoCell.swift in Sources */,
				528272512561275E00A63410 /* EnumStoryboard.swift in Sources */,
				B283EBCD25737A6F00284F55 /* CoreDataManager.swift in Sources */,
				528272552561275E00A63410 /* CustomBBItem.swift in Sources */,
				B24574622585E2C30038053D /* DestinationsAndLocations .swift in Sources */,
				528272722561277600A63410 /* UIWindow.swift in Sources */,
				528272562561275E00A63410 /* NavigationController.swift in Sources */,
				B245745F2585E28B0038053D /* Verbs.swift in Sources */,
				B24574702585E3260038053D /* Funiture.swift in Sources */,
				528272522561275E00A63410 /* Vibro.swift in Sources */,
				528272692561277600A63410 /* Array.swift in Sources */,
				5282726B2561277600A63410 /* NSObject.swift in Sources */,
				B245746D2585E30B0038053D /* Time.swift in Sources */,
				52B909B12561238400FC2908 /* AppDelegate.swift in Sources */,
				B24574762585E3590038053D /* Phrases.swift in Sources */,
				B270152725B1B05700156559 /* CellMaster.swift in Sources */,
				B245748D258604F30038053D /* FavoriteWords.swift in Sources */,
				B283EBE32573829300284F55 /* ThemeCell.swift in Sources */,
				B245747F2585E3C10038053D /* Adjectives.swift in Sources */,
				528272542561275E00A63410 /* BaseViewController.swift in Sources */,
				B245745B2585E2380038053D /* ProfessionAndWork.swift in Sources */,
				52E4D65A25867078003C9DE6 /* SearchViewController.swift in Sources */,
				5206502825612F2600DBE169 /* SettingsChekViewController.swift in Sources */,
				B283EBDE25737F3100284F55 /* AllWordCell.swift in Sources */,
				528272742561277600A63410 /* UIApplication.swift in Sources */,
				5282726D2561277600A63410 /* UITextField.swift in Sources */,
				528272672561277600A63410 /* Date.swift in Sources */,
				B283EBD825737D3D00284F55 /* Constant.swift in Sources */,
				52DD1BF625769F1F008F7EE9 /* NotTheme.swift in Sources */,
				B270152D25B1C45100156559 /* ChekTestViewController.swift in Sources */,
				5282726F2561277600A63410 /* String.swift in Sources */,
				B21BBA3125B164CB002C2DD3 /* Januri2021.swift in Sources */,
				528272532561275E00A63410 /* DefaultUtils.swift in Sources */,
				B295ABB02573AFD900F4118E /* ChekViewController.swift in Sources */,
				B24574692585E2F70038053D /* Clothes.swift in Sources */,
				B24574792585E3730038053D /* Subjects.swift in Sources */,
				5265B593258F4D7200AA474E /* December2020.swift in Sources */,
				5282726C2561277600A63410 /* UITableView.swift in Sources */,
				52E4D65C258670E0003C9DE6 /* EnumNotification.swift in Sources */,
				B27429C82573A8EF005551AD /* ManagerSettings.swift in Sources */,
				52C5A91E25867BA8007DE46E /* SearchDescriptionCell.swift in Sources */,
				B283EBCE25737A6F00284F55 /* Model.xcdatamodeld in Sources */,
				528272702561277600A63410 /* UIButton.swift in Sources */,
				528272752561277600A63410 /* UITextView.swift in Sources */,
				B270151C25B1A7E600156559 /* MasterSplitViewController.swift in Sources */,
			);
			runOnlyForDeploymentPostprocessing = 0;
		};
/* End PBXSourcesBuildPhase section */

/* Begin PBXVariantGroup section */
		52B909B62561238400FC2908 /* Main.storyboard */ = {
			isa = PBXVariantGroup;
			children = (
				52B909B72561238400FC2908 /* Base */,
			);
			name = Main.storyboard;
			sourceTree = "<group>";
		};
		52B909BB2561238800FC2908 /* LaunchScreen.storyboard */ = {
			isa = PBXVariantGroup;
			children = (
				52B909BC2561238800FC2908 /* Base */,
			);
			name = LaunchScreen.storyboard;
			sourceTree = "<group>";
		};
/* End PBXVariantGroup section */

/* Begin XCBuildConfiguration section */
		52B909BF2561238800FC2908 /* Debug */ = {
			isa = XCBuildConfiguration;
			buildSettings = {
				ALWAYS_SEARCH_USER_PATHS = NO;
				CLANG_ANALYZER_NONNULL = YES;
				CLANG_ANALYZER_NUMBER_OBJECT_CONVERSION = YES_AGGRESSIVE;
				CLANG_CXX_LANGUAGE_STANDARD = "gnu++14";
				CLANG_CXX_LIBRARY = "libc++";
				CLANG_ENABLE_MODULES = YES;
				CLANG_ENABLE_OBJC_ARC = YES;
				CLANG_ENABLE_OBJC_WEAK = YES;
				CLANG_WARN_BLOCK_CAPTURE_AUTORELEASING = YES;
				CLANG_WARN_BOOL_CONVERSION = YES;
				CLANG_WARN_COMMA = YES;
				CLANG_WARN_CONSTANT_CONVERSION = YES;
				CLANG_WARN_DEPRECATED_OBJC_IMPLEMENTATIONS = YES;
				CLANG_WARN_DIRECT_OBJC_ISA_USAGE = YES_ERROR;
				CLANG_WARN_DOCUMENTATION_COMMENTS = YES;
				CLANG_WARN_EMPTY_BODY = YES;
				CLANG_WARN_ENUM_CONVERSION = YES;
				CLANG_WARN_INFINITE_RECURSION = YES;
				CLANG_WARN_INT_CONVERSION = YES;
				CLANG_WARN_NON_LITERAL_NULL_CONVERSION = YES;
				CLANG_WARN_OBJC_IMPLICIT_RETAIN_SELF = YES;
				CLANG_WARN_OBJC_LITERAL_CONVERSION = YES;
				CLANG_WARN_OBJC_ROOT_CLASS = YES_ERROR;
				CLANG_WARN_RANGE_LOOP_ANALYSIS = YES;
				CLANG_WARN_STRICT_PROTOTYPES = YES;
				CLANG_WARN_SUSPICIOUS_MOVE = YES;
				CLANG_WARN_UNGUARDED_AVAILABILITY = YES_AGGRESSIVE;
				CLANG_WARN_UNREACHABLE_CODE = YES;
				CLANG_WARN__DUPLICATE_METHOD_MATCH = YES;
				COPY_PHASE_STRIP = NO;
				DEBUG_INFORMATION_FORMAT = dwarf;
				ENABLE_STRICT_OBJC_MSGSEND = YES;
				ENABLE_TESTABILITY = YES;
				GCC_C_LANGUAGE_STANDARD = gnu11;
				GCC_DYNAMIC_NO_PIC = NO;
				GCC_NO_COMMON_BLOCKS = YES;
				GCC_OPTIMIZATION_LEVEL = 0;
				GCC_PREPROCESSOR_DEFINITIONS = (
					"DEBUG=1",
					"$(inherited)",
				);
				GCC_WARN_64_TO_32_BIT_CONVERSION = YES;
				GCC_WARN_ABOUT_RETURN_TYPE = YES_ERROR;
				GCC_WARN_UNDECLARED_SELECTOR = YES;
				GCC_WARN_UNINITIALIZED_AUTOS = YES_AGGRESSIVE;
				GCC_WARN_UNUSED_FUNCTION = YES;
				GCC_WARN_UNUSED_VARIABLE = YES;
				IPHONEOS_DEPLOYMENT_TARGET = 13.2;
				MTL_ENABLE_DEBUG_INFO = INCLUDE_SOURCE;
				MTL_FAST_MATH = YES;
				ONLY_ACTIVE_ARCH = YES;
				SDKROOT = iphoneos;
				SWIFT_ACTIVE_COMPILATION_CONDITIONS = DEBUG;
				SWIFT_OPTIMIZATION_LEVEL = "-Onone";
			};
			name = Debug;
		};
		52B909C02561238800FC2908 /* Release */ = {
			isa = XCBuildConfiguration;
			buildSettings = {
				ALWAYS_SEARCH_USER_PATHS = NO;
				CLANG_ANALYZER_NONNULL = YES;
				CLANG_ANALYZER_NUMBER_OBJECT_CONVERSION = YES_AGGRESSIVE;
				CLANG_CXX_LANGUAGE_STANDARD = "gnu++14";
				CLANG_CXX_LIBRARY = "libc++";
				CLANG_ENABLE_MODULES = YES;
				CLANG_ENABLE_OBJC_ARC = YES;
				CLANG_ENABLE_OBJC_WEAK = YES;
				CLANG_WARN_BLOCK_CAPTURE_AUTORELEASING = YES;
				CLANG_WARN_BOOL_CONVERSION = YES;
				CLANG_WARN_COMMA = YES;
				CLANG_WARN_CONSTANT_CONVERSION = YES;
				CLANG_WARN_DEPRECATED_OBJC_IMPLEMENTATIONS = YES;
				CLANG_WARN_DIRECT_OBJC_ISA_USAGE = YES_ERROR;
				CLANG_WARN_DOCUMENTATION_COMMENTS = YES;
				CLANG_WARN_EMPTY_BODY = YES;
				CLANG_WARN_ENUM_CONVERSION = YES;
				CLANG_WARN_INFINITE_RECURSION = YES;
				CLANG_WARN_INT_CONVERSION = YES;
				CLANG_WARN_NON_LITERAL_NULL_CONVERSION = YES;
				CLANG_WARN_OBJC_IMPLICIT_RETAIN_SELF = YES;
				CLANG_WARN_OBJC_LITERAL_CONVERSION = YES;
				CLANG_WARN_OBJC_ROOT_CLASS = YES_ERROR;
				CLANG_WARN_RANGE_LOOP_ANALYSIS = YES;
				CLANG_WARN_STRICT_PROTOTYPES = YES;
				CLANG_WARN_SUSPICIOUS_MOVE = YES;
				CLANG_WARN_UNGUARDED_AVAILABILITY = YES_AGGRESSIVE;
				CLANG_WARN_UNREACHABLE_CODE = YES;
				CLANG_WARN__DUPLICATE_METHOD_MATCH = YES;
				COPY_PHASE_STRIP = NO;
				DEBUG_INFORMATION_FORMAT = "dwarf-with-dsym";
				ENABLE_NS_ASSERTIONS = NO;
				ENABLE_STRICT_OBJC_MSGSEND = YES;
				GCC_C_LANGUAGE_STANDARD = gnu11;
				GCC_NO_COMMON_BLOCKS = YES;
				GCC_WARN_64_TO_32_BIT_CONVERSION = YES;
				GCC_WARN_ABOUT_RETURN_TYPE = YES_ERROR;
				GCC_WARN_UNDECLARED_SELECTOR = YES;
				GCC_WARN_UNINITIALIZED_AUTOS = YES_AGGRESSIVE;
				GCC_WARN_UNUSED_FUNCTION = YES;
				GCC_WARN_UNUSED_VARIABLE = YES;
				IPHONEOS_DEPLOYMENT_TARGET = 13.2;
				MTL_ENABLE_DEBUG_INFO = NO;
				MTL_FAST_MATH = YES;
				SDKROOT = iphoneos;
				SWIFT_COMPILATION_MODE = wholemodule;
				SWIFT_OPTIMIZATION_LEVEL = "-O";
				VALIDATE_PRODUCT = YES;
			};
			name = Release;
		};
		52B909C22561238800FC2908 /* Debug */ = {
			isa = XCBuildConfiguration;
			buildSettings = {
				ASSETCATALOG_COMPILER_APPICON_NAME = AppIcon;
				CODE_SIGN_STYLE = Automatic;
				CURRENT_PROJECT_VERSION = 1;
				DEVELOPMENT_TEAM = Z96TS9T74Z;
				INFOPLIST_FILE = "English dictionary/Resourses/Info.plist";
				IPHONEOS_DEPLOYMENT_TARGET = 13.0;
				LD_RUNPATH_SEARCH_PATHS = (
					"$(inherited)",
					"@executable_path/Frameworks",
				);
				MARKETING_VERSION = 1.0.0;
				PRODUCT_BUNDLE_IDENTIFIER = "com.SRv2.0.English-dictionary";
				PRODUCT_NAME = "$(TARGET_NAME)";
				SWIFT_VERSION = 5.0;
				TARGETED_DEVICE_FAMILY = 1;
			};
			name = Debug;
		};
		52B909C32561238800FC2908 /* Release */ = {
			isa = XCBuildConfiguration;
			buildSettings = {
				ASSETCATALOG_COMPILER_APPICON_NAME = AppIcon;
				CODE_SIGN_STYLE = Automatic;
				CURRENT_PROJECT_VERSION = 1;
				DEVELOPMENT_TEAM = Z96TS9T74Z;
				INFOPLIST_FILE = "English dictionary/Resourses/Info.plist";
				IPHONEOS_DEPLOYMENT_TARGET = 13.0;
				LD_RUNPATH_SEARCH_PATHS = (
					"$(inherited)",
					"@executable_path/Frameworks",
				);
				MARKETING_VERSION = 1.0.0;
				PRODUCT_BUNDLE_IDENTIFIER = "com.SRv2.0.English-dictionary";
				PRODUCT_NAME = "$(TARGET_NAME)";
				SWIFT_VERSION = 5.0;
				TARGETED_DEVICE_FAMILY = 1;
			};
			name = Release;
		};
/* End XCBuildConfiguration section */

/* Begin XCConfigurationList section */
		52B909A82561238400FC2908 /* Build configuration list for PBXProject "English dictionary" */ = {
			isa = XCConfigurationList;
			buildConfigurations = (
				52B909BF2561238800FC2908 /* Debug */,
				52B909C02561238800FC2908 /* Release */,
			);
			defaultConfigurationIsVisible = 0;
			defaultConfigurationName = Release;
		};
		52B909C12561238800FC2908 /* Build configuration list for PBXNativeTarget "English dictionary" */ = {
			isa = XCConfigurationList;
			buildConfigurations = (
				52B909C22561238800FC2908 /* Debug */,
				52B909C32561238800FC2908 /* Release */,
			);
			defaultConfigurationIsVisible = 0;
			defaultConfigurationName = Release;
		};
/* End XCConfigurationList section */

/* Begin XCVersionGroup section */
		B283EBCB25737A6F00284F55 /* Model.xcdatamodeld */ = {
			isa = XCVersionGroup;
			children = (
				B283EBCC25737A6F00284F55 /* Model.xcdatamodel */,
			);
			currentVersion = B283EBCC25737A6F00284F55 /* Model.xcdatamodel */;
			path = Model.xcdatamodeld;
			sourceTree = "<group>";
			versionGroupType = wrapper.xcdatamodel;
		};
/* End XCVersionGroup section */
	};
	rootObject = 52B909A52561238400FC2908 /* Project object */;
}
